{
  "R": {
    "Version": "4.1.0",
    "Repositories": [
      {
        "Name": "CRAN",
        "URL": "https://cran.rstudio.com"
      }
    ]
  },
  "Packages": {
    "BH": {
      "Package": "BH",
      "Version": "1.75.0-0",
      "Source": "Repository",
      "Repository": "CRAN",
      "Hash": "e4c04affc2cac20c8fec18385cd14691"
    },
    "CompQuadForm": {
      "Package": "CompQuadForm",
      "Version": "1.4.3",
      "Source": "Repository",
      "Repository": "CRAN",
      "Hash": "4594a396b693b8705d8dbb5491aca887"
    },
    "DBI": {
      "Package": "DBI",
      "Version": "1.1.1",
      "Source": "Repository",
      "Repository": "CRAN",
      "Hash": "030aaec5bc6553f35347cbb1e70b1a17"
    },
    "DEoptimR": {
      "Package": "DEoptimR",
      "Version": "1.0-9",
      "Source": "Repository",
      "Repository": "CRAN",
      "Hash": "feae038aefb289b48ea8254094f33732"
    },
    "DT": {
      "Package": "DT",
      "Version": "0.18.1",
      "Source": "GitHub",
      "RemoteType": "github",
      "RemoteHost": "api.github.com",
      "RemoteRepo": "DT",
      "RemoteUsername": "rstudio",
      "RemoteRef": "HEAD",
      "RemoteSha": "c08891aeb03f25354f48ca3d428229aa6a7bcc8c",
      "Hash": "ff21517004ce94ea35b31848107d38f3"
    },
    "MASS": {
      "Package": "MASS",
      "Version": "7.3-54",
      "Source": "Repository",
      "Repository": "CRAN",
      "Hash": "0e59129db205112e3963904db67fd0dc"
    },
    "MRInstruments": {
      "Package": "MRInstruments",
      "Version": "0.3.2",
      "Source": "GitHub",
      "RemoteType": "github",
      "RemoteHost": "api.github.com",
      "RemoteRepo": "MRInstruments",
      "RemoteUsername": "mrcieu",
      "RemoteRef": "HEAD",
      "RemoteSha": "efa2ca0d7a57cd51067be8e445a0f46bb6060a2e",
      "Hash": "e36143fce92891c4a5e9c388cd8e1fb6"
    },
    "MRMix": {
      "Package": "MRMix",
      "Version": "0.1.0",
      "Source": "GitHub",
      "RemoteType": "github",
      "RemoteHost": "api.github.com",
      "RemoteRepo": "MRMix",
      "RemoteUsername": "gqi",
      "RemoteRef": "HEAD",
      "RemoteSha": "56afdb2bc96760842405396f5d3f02e60e305039",
      "Hash": "a757ff76e5474a30a56462ab24619aa8"
    },
    "MRPRESSO": {
      "Package": "MRPRESSO",
      "Version": "1.0",
      "Source": "GitHub",
      "RemoteType": "github",
      "RemoteHost": "api.github.com",
      "RemoteRepo": "MR-PRESSO",
      "RemoteUsername": "rondolab",
      "RemoteRef": "HEAD",
      "RemoteSha": "cece763b47e59763a7916974de43c7cb93843e41",
      "Hash": "62364ac4c9855f895d75948e1274889a"
    },
    "Matrix": {
      "Package": "Matrix",
      "Version": "1.3-3",
      "Source": "Repository",
      "Repository": "CRAN",
      "Hash": "df57c82e79600601287edfdcef92c2d6"
    },
    "MatrixModels": {
      "Package": "MatrixModels",
      "Version": "0.5-0",
      "Source": "Repository",
      "Repository": "CRAN",
      "Hash": "366a8838782928e398b8762c932a42a3"
    },
    "MendelianRandomization": {
      "Package": "MendelianRandomization",
      "Version": "0.5.1",
      "Source": "Repository",
      "Repository": "CRAN",
      "Hash": "61d12f2bc85baadf69cd393742f05725"
    },
    "PASWR2": {
      "Package": "PASWR2",
      "Version": "1.0.2",
      "Source": "Repository",
      "Repository": "CRAN",
      "Hash": "f8b51419048767d0e6dba074410f335b"
    },
    "R6": {
      "Package": "R6",
      "Version": "2.5.0",
      "Source": "Repository",
      "Repository": "CRAN",
      "Hash": "b203113193e70978a696b2809525649d"
    },
    "RColorBrewer": {
      "Package": "RColorBrewer",
      "Version": "1.1-2",
      "Source": "Repository",
      "Repository": "CRAN",
      "Hash": "e031418365a7f7a766181ab5a41a5716"
    },
    "RSpectra": {
      "Package": "RSpectra",
      "Version": "0.16-0",
      "Source": "Repository",
      "Repository": "CRAN",
      "Hash": "a41329d24d5a98eaed2bd0159adb1b5f"
    },
    "RadialMR": {
      "Package": "RadialMR",
      "Version": "1.0",
      "Source": "GitHub",
      "Remotes": "mrcieu/twosamplemr",
      "RemoteType": "github",
      "RemoteHost": "api.github.com",
      "RemoteRepo": "RadialMR",
      "RemoteUsername": "WSpiller",
      "RemoteRef": "HEAD",
      "RemoteSha": "25aa8a5e64d1318c9d40646b1fd2d2847fb0a0d7",
      "Hash": "d1ac34d49a55cba13644949db4349315"
    },
    "Rcpp": {
      "Package": "Rcpp",
      "Version": "1.0.6",
      "Source": "Repository",
      "Repository": "CRAN",
      "Hash": "dbb5e436998a7eba5a9d682060533338"
    },
    "RcppArmadillo": {
      "Package": "RcppArmadillo",
      "Version": "0.10.5.0.0",
      "Source": "Repository",
      "Repository": "CRAN",
      "Hash": "b1c9574190c1c84417eedaa5901138bf"
    },
    "RcppEigen": {
      "Package": "RcppEigen",
      "Version": "0.3.3.9.1",
      "Source": "Repository",
      "Repository": "CRAN",
      "Hash": "ddfa72a87fdf4c80466a20818be91d00"
    },
    "RhpcBLASctl": {
      "Package": "RhpcBLASctl",
      "Version": "0.20-137",
      "Source": "Repository",
      "Repository": "CRAN",
      "Hash": "fb135751ed3f00f33890826823ebe332"
    },
    "SparseM": {
      "Package": "SparseM",
      "Version": "1.81",
      "Source": "Repository",
      "Repository": "CRAN",
      "Hash": "2042cd9759cc89a453c4aefef0ce9aae"
    },
    "TwoSampleMR": {
      "Package": "TwoSampleMR",
      "Version": "0.5.6",
      "Source": "GitHub",
      "Remotes": "mrcieu/ieugwasr, rondolab/MR-PRESSO, mrcieu/MRInstruments,\nWSpiller/RadialMR, gqi/MRMix",
      "RemoteType": "github",
      "RemoteHost": "api.github.com",
      "RemoteRepo": "TwoSampleMR",
      "RemoteUsername": "MRCIEU",
      "RemoteRef": "HEAD",
      "RemoteSha": "380d75f1f81786761bbbcd6d448a7c85ae3d58a6",
      "Hash": "d619e0daa6921379510941779c7ed6b8"
    },
    "XML": {
      "Package": "XML",
      "Version": "3.99-0.6",
      "Source": "Repository",
      "Repository": "CRAN",
      "Hash": "59b7d0a3d18303ae30ba1246e77faa83"
    },
    "abind": {
      "Package": "abind",
      "Version": "1.4-5",
      "Source": "Repository",
      "Repository": "CRAN",
      "Hash": "4f57884290cc75ab22f4af9e9d4ca862"
    },
    "arrangements": {
      "Package": "arrangements",
      "Version": "1.1.9",
      "Source": "Repository",
      "Repository": "CRAN",
      "Hash": "ebca94b9b3cff3fff7975e26216156c6"
    },
    "askpass": {
      "Package": "askpass",
      "Version": "1.1",
      "Source": "Repository",
      "Repository": "CRAN",
      "Hash": "e8a22846fff485f0be3770c2da758713"
    },
    "assertthat": {
      "Package": "assertthat",
      "Version": "0.2.1",
      "Source": "Repository",
      "Repository": "CRAN",
      "Hash": "50c838a310445e954bc13f26f26a6ecf"
    },
    "backports": {
      "Package": "backports",
      "Version": "1.2.1",
      "Source": "Repository",
      "Repository": "CRAN",
      "Hash": "644043219fc24e190c2f620c1a380a69"
    },
    "base64enc": {
      "Package": "base64enc",
      "Version": "0.1-3",
      "Source": "Repository",
      "Repository": "CRAN",
      "Hash": "543776ae6848fde2f48ff3816d0628bc"
    },
    "bigassertr": {
      "Package": "bigassertr",
      "Version": "0.1.4",
      "Source": "Repository",
      "Repository": "CRAN",
      "Hash": "584ab6e68fc5bf30d5acd791158823ea"
    },
    "bigparallelr": {
      "Package": "bigparallelr",
      "Version": "0.3.1",
      "Source": "Repository",
      "Repository": "CRAN",
      "Hash": "3dbacde7c5f96717457d44f6a9e4a730"
    },
    "bigreadr": {
      "Package": "bigreadr",
      "Version": "0.2.4",
      "Source": "Repository",
      "Repository": "CRAN",
      "Hash": "5a6a194c7d3eb2b2ab376df5d7b3cac1"
    },
    "bigsnpr": {
      "Package": "bigsnpr",
      "Version": "1.8.2",
      "Source": "GitHub",
      "RemoteType": "github",
      "RemoteHost": "api.github.com",
      "RemoteRepo": "bigsnpr",
      "RemoteUsername": "privefl",
      "RemoteRef": "HEAD",
      "RemoteSha": "37ce6e86629d056aa2dae14542647b809ae37584",
      "Hash": "6768fa8bef14204ddf88eac6019b2fe9"
    },
    "bigsparser": {
      "Package": "bigsparser",
      "Version": "0.4.4",
      "Source": "Repository",
      "Repository": "CRAN",
      "Hash": "80d715522924e44090ae15bd6cee64c8"
    },
    "bigstatsr": {
      "Package": "bigstatsr",
      "Version": "1.5.1",
      "Source": "Repository",
      "Repository": "CRAN",
      "Hash": "82dc04776cc349af8be5f41d219cd6ab"
    },
    "bigutilsr": {
      "Package": "bigutilsr",
      "Version": "0.3.4",
      "Source": "Repository",
      "Repository": "CRAN",
      "Hash": "7cd0ab361ed431f62ac64dea2b9e174e"
    },
    "blob": {
      "Package": "blob",
      "Version": "1.2.1",
      "Source": "Repository",
      "Repository": "CRAN",
      "Hash": "9addc7e2c5954eca5719928131fed98c"
    },
    "boot": {
      "Package": "boot",
      "Version": "1.3-28",
      "Source": "Repository",
      "Repository": "CRAN",
      "Hash": "0baa960e3b49c6176a4f42addcbacc59"
    },
    "broom": {
      "Package": "broom",
      "Version": "0.7.7",
      "Source": "Repository",
      "Repository": "CRAN",
      "Hash": "2368dde18d8ef1ca933e7e2eea3ece57"
    },
    "cachem": {
      "Package": "cachem",
      "Version": "1.0.5",
      "Source": "Repository",
      "Repository": "CRAN",
      "Hash": "5346f76a33eb7417812c270b04a5581b"
    },
    "callr": {
      "Package": "callr",
      "Version": "3.7.0",
      "Source": "Repository",
      "Repository": "CRAN",
      "Hash": "461aa75a11ce2400245190ef5d3995df"
    },
    "car": {
      "Package": "car",
      "Version": "3.0-10",
      "Source": "Repository",
      "Repository": "CRAN",
      "Hash": "12d8cdaf73c30b8c8cb7a22591a3f57d"
    },
    "carData": {
      "Package": "carData",
      "Version": "3.0-4",
      "Source": "Repository",
      "Repository": "CRAN",
      "Hash": "7ff5c94cec207b3fd9774cfaa5157738"
    },
    "cellranger": {
      "Package": "cellranger",
      "Version": "1.1.0",
      "Source": "Repository",
      "Repository": "CRAN",
      "Hash": "f61dbaec772ccd2e17705c1e872e9e7c"
    },
    "checkmate": {
      "Package": "checkmate",
      "Version": "2.0.0",
      "Source": "Repository",
      "Repository": "CRAN",
      "Hash": "a667800d5f0350371bedeb8b8b950289"
    },
    "class": {
      "Package": "class",
      "Version": "7.3-19",
      "Source": "Repository",
      "Repository": "CRAN",
      "Hash": "1593b7beb067c8381c0d24e38bd778e0"
    },
    "cli": {
      "Package": "cli",
      "Version": "2.5.0",
      "Source": "Repository",
      "Repository": "CRAN",
      "Hash": "a94ba44cee3ea571e813721e64184172"
    },
    "clipr": {
      "Package": "clipr",
      "Version": "0.7.1",
      "Source": "Repository",
      "Repository": "CRAN",
      "Hash": "ebaa97ac99cc2daf04e77eecc7b781d7"
    },
    "clustermq": {
      "Package": "clustermq",
      "Version": "0.8.95.1",
      "Source": "Repository",
      "Repository": "CRAN",
      "Hash": "385cd5623e6f8f27dc79437398dceed1"
    },
    "codetools": {
      "Package": "codetools",
      "Version": "0.2-18",
      "Source": "Repository",
      "Repository": "CRAN",
      "Hash": "019388fc48e48b3da0d3a76ff94608a8"
    },
    "colorspace": {
      "Package": "colorspace",
      "Version": "2.0-1",
      "Source": "Repository",
      "Repository": "CRAN",
      "Hash": "6cab523af06ac301e7a40c5529d45882"
    },
    "conquer": {
      "Package": "conquer",
      "Version": "1.0.2",
      "Source": "Repository",
      "Repository": "CRAN",
      "Hash": "a31720f692920e635ecef0481d478247"
    },
    "cowplot": {
      "Package": "cowplot",
      "Version": "1.1.1",
      "Source": "Repository",
      "Repository": "CRAN",
      "Hash": "b418e8423699d11c7f2087c2bfd07da2"
    },
    "cpp11": {
      "Package": "cpp11",
      "Version": "0.2.7",
      "Source": "Repository",
      "Repository": "CRAN",
      "Hash": "730eebcc741a5c36761f7d4d0f5e37b8"
    },
    "crayon": {
      "Package": "crayon",
      "Version": "1.4.1",
      "Source": "Repository",
      "Repository": "CRAN",
      "Hash": "e75525c55c70e5f4f78c9960a4b402e9"
    },
    "crosstalk": {
      "Package": "crosstalk",
      "Version": "1.1.1",
      "Source": "Repository",
      "Repository": "CRAN",
      "Hash": "2b06f9e415a62b6762e4b8098d2aecbc"
    },
    "curl": {
      "Package": "curl",
      "Version": "4.3.2",
      "Source": "Repository",
      "Repository": "CRAN",
      "Hash": "022c42d49c28e95d69ca60446dbabf88"
    },
    "cutr": {
      "Package": "cutr",
      "Version": "0.0.0.9000",
      "Source": "GitHub",
      "RemoteType": "github",
      "RemoteHost": "api.github.com",
      "RemoteRepo": "cutr",
      "RemoteUsername": "moodymudskipper",
      "RemoteRef": "HEAD",
      "RemoteSha": "7b8e9cdcd14ce3f17604fa6c36a02cf7e2805e32",
      "Hash": "f8c4e31e3b827aa1ec7914eadb4a6bd9"
    },
    "data.table": {
      "Package": "data.table",
      "Version": "1.14.0",
      "Source": "Repository",
      "Repository": "CRAN",
      "Hash": "d1b8b1a821ee564a3515fa6c6d5c52dc"
    },
    "dbplyr": {
      "Package": "dbplyr",
      "Version": "2.1.1",
      "Source": "Repository",
      "Repository": "CRAN",
      "Hash": "1f37fa4ab2f5f7eded42f78b9a887182"
    },
    "digest": {
      "Package": "digest",
      "Version": "0.6.27",
      "Source": "Repository",
      "Repository": "CRAN",
      "Hash": "a0cbe758a531d054b537d16dff4d58a1"
    },
    "doParallel": {
      "Package": "doParallel",
      "Version": "1.0.16",
      "Source": "Repository",
      "Repository": "CRAN",
      "Hash": "2dc413572eb42475179bfe0afabd2adf"
    },
    "dplyr": {
      "Package": "dplyr",
      "Version": "1.0.7",
      "Source": "Repository",
      "Repository": "CRAN",
      "Hash": "36f1ae62f026c8ba9f9b5c9a08c03297"
    },
    "dtplyr": {
      "Package": "dtplyr",
      "Version": "1.1.0",
      "Source": "Repository",
      "Repository": "CRAN",
      "Hash": "1e14e4c5b2814de5225312394bc316da"
    },
    "e1071": {
      "Package": "e1071",
      "Version": "1.7-8",
      "Source": "Repository",
      "Repository": "CRAN",
      "Hash": "28e8460677280027c8580b5450aa091e"
    },
    "ellipsis": {
      "Package": "ellipsis",
      "Version": "0.3.2",
      "Source": "Repository",
      "Repository": "CRAN",
      "Hash": "bb0eec2fe32e88d9e2836c2f73ea2077"
    },
    "evaluate": {
      "Package": "evaluate",
      "Version": "0.14",
      "Source": "Repository",
      "Repository": "CRAN",
      "Hash": "ec8ca05cffcc70569eaaad8469d2a3a7"
    },
    "fansi": {
      "Package": "fansi",
      "Version": "0.5.0",
      "Source": "Repository",
      "Repository": "CRAN",
      "Hash": "d447b40982c576a72b779f0a3b3da227"
    },
    "farver": {
      "Package": "farver",
      "Version": "2.1.0",
      "Source": "Repository",
      "Repository": "CRAN",
      "Hash": "c98eb5133d9cb9e1622b8691487f11bb"
    },
    "fastmap": {
      "Package": "fastmap",
      "Version": "1.1.0",
      "Source": "Repository",
      "Repository": "CRAN",
      "Hash": "77bd60a6157420d4ffa93b27cf6a58b8"
    },
    "flock": {
      "Package": "flock",
      "Version": "0.7",
      "Source": "Repository",
      "Repository": "CRAN",
      "Hash": "40dfee1c8bd0072c3ead4c50176ca589"
    },
    "forcats": {
      "Package": "forcats",
      "Version": "0.5.1",
      "Source": "Repository",
      "Repository": "CRAN",
      "Hash": "81c3244cab67468aac4c60550832655d"
    },
    "foreach": {
      "Package": "foreach",
      "Version": "1.5.1",
      "Source": "Repository",
      "Repository": "CRAN",
      "Hash": "e32cfc0973caba11b65b1fa691b4d8c9"
    },
    "foreign": {
      "Package": "foreign",
      "Version": "0.8-81",
      "Source": "Repository",
      "Repository": "CRAN",
      "Hash": "74628ea7a3be5ee8a7b5bb0a8e84882e"
    },
    "fs": {
      "Package": "fs",
      "Version": "1.5.0",
      "Source": "Repository",
      "Repository": "CRAN",
      "Hash": "44594a07a42e5f91fac9f93fda6d0109"
    },
    "future": {
      "Package": "future",
      "Version": "1.21.0",
      "Source": "Repository",
      "Repository": "CRAN",
      "Hash": "f25fad6bee82b7ab01f055e2d813b96f"
    },
    "gargle": {
      "Package": "gargle",
      "Version": "1.1.0",
      "Source": "Repository",
      "Repository": "CRAN",
      "Hash": "bc3bc77ea458de0a6efe94e8e7e9c641"
    },
    "generics": {
      "Package": "generics",
      "Version": "0.1.0",
      "Source": "Repository",
      "Repository": "CRAN",
      "Hash": "4d243a9c10b00589889fe32314ffd902"
    },
    "getPass": {
      "Package": "getPass",
      "Version": "0.2-2",
      "Source": "Repository",
      "Repository": "CRAN",
      "Hash": "07a91f99e56951818ab911366db77700"
    },
    "ggplot2": {
      "Package": "ggplot2",
      "Version": "3.3.4",
      "Source": "Repository",
      "Repository": "CRAN",
      "Hash": "53ed0e82132d7f6ade8428f494d175e1"
    },
    "git2r": {
      "Package": "git2r",
      "Version": "0.28.0",
      "Source": "Repository",
      "Repository": "CRAN",
      "Hash": "f64fd34026f6025de71a4354800e6d79"
    },
    "glmnet": {
      "Package": "glmnet",
      "Version": "4.1-1",
      "Source": "Repository",
      "Repository": "CRAN",
      "Hash": "18482cb4790abf3ed27cafa2381d6175"
    },
    "globals": {
      "Package": "globals",
      "Version": "0.14.0",
      "Source": "Repository",
      "Repository": "CRAN",
      "Hash": "eca8023ed5ca6372479ebb9b3207f5ae"
    },
    "glue": {
      "Package": "glue",
      "Version": "1.4.2",
      "Source": "Repository",
      "Repository": "CRAN",
      "Hash": "6efd734b14c6471cfe443345f3e35e29"
    },
    "gmp": {
      "Package": "gmp",
      "Version": "0.6-2",
      "Source": "Repository",
      "Repository": "CRAN",
      "Hash": "1811d8b0cd5baa7b55aafce65a037b69"
    },
    "googleAuthR": {
      "Package": "googleAuthR",
      "Version": "1.4.0",
      "Source": "Repository",
      "Repository": "CRAN",
      "Hash": "3deb4598caae9bf76c0a1ffd96889f81"
    },
    "googledrive": {
      "Package": "googledrive",
      "Version": "1.0.1",
      "Source": "Repository",
      "Repository": "CRAN",
      "Hash": "79ba5d18133290a69b7c135dc3dfef1a"
    },
    "googlesheets4": {
      "Package": "googlesheets4",
      "Version": "0.3.0",
      "Source": "Repository",
      "Repository": "CRAN",
      "Hash": "fd028aa45f6785d7e83c0ed896b45904"
    },
    "gridExtra": {
      "Package": "gridExtra",
      "Version": "2.3",
      "Source": "Repository",
      "Repository": "CRAN",
      "Hash": "7d7f283939f563670a697165b2cf5560"
    },
    "gtable": {
      "Package": "gtable",
      "Version": "0.3.0",
      "Source": "Repository",
      "Repository": "CRAN",
      "Hash": "ac5c6baf7822ce8732b343f14c072c4d"
    },
    "haven": {
      "Package": "haven",
      "Version": "2.4.1",
      "Source": "Repository",
      "Repository": "CRAN",
      "Hash": "9ace652bffef34af558eb5d70903ac2f"
    },
    "highr": {
      "Package": "highr",
      "Version": "0.9",
      "Source": "Repository",
      "Repository": "CRAN",
      "Hash": "8eb36c8125038e648e5d111c0d7b2ed4"
    },
    "hms": {
      "Package": "hms",
      "Version": "1.1.0",
      "Source": "Repository",
      "Repository": "CRAN",
      "Hash": "e4bf161ccb74a2c1c0e8ac63bbe332b4"
    },
    "htmltools": {
      "Package": "htmltools",
      "Version": "0.5.1.1",
      "Source": "Repository",
      "Repository": "CRAN",
      "Hash": "af2c2531e55df5cf230c4b5444fc973c"
    },
    "htmlwidgets": {
      "Package": "htmlwidgets",
      "Version": "1.5.3",
      "Source": "Repository",
      "Repository": "CRAN",
      "Hash": "6fdaa86d0700f8b3e92ee3c445a5a10d"
    },
    "httpuv": {
      "Package": "httpuv",
      "Version": "1.6.1",
      "Source": "Repository",
      "Repository": "CRAN",
      "Hash": "54344a78aae37bc6ef39b1240969df8e"
    },
    "httr": {
      "Package": "httr",
      "Version": "1.4.2",
      "Source": "Repository",
      "Repository": "CRAN",
      "Hash": "a525aba14184fec243f9eaec62fbed43"
    },
    "ids": {
      "Package": "ids",
      "Version": "1.0.1",
      "Source": "Repository",
      "Repository": "CRAN",
      "Hash": "99df65cfef20e525ed38c3d2577f7190"
    },
    "ieugwasr": {
      "Package": "ieugwasr",
      "Version": "0.1.5",
      "Source": "GitHub",
      "RemoteType": "github",
      "RemoteHost": "api.github.com",
      "RemoteRepo": "ieugwasr",
      "RemoteUsername": "mrcieu",
      "RemoteRef": "HEAD",
      "RemoteSha": "8a24a9430f640c614290bfc078b614d7522272bb",
      "Hash": "4e344016d677eb5d101e1e4132a1222a"
    },
    "igraph": {
      "Package": "igraph",
      "Version": "1.2.6",
      "Source": "Repository",
      "Repository": "CRAN",
      "Hash": "7b1f856410253d56ea67ad808f7cdff6"
    },
    "isoband": {
      "Package": "isoband",
      "Version": "0.2.4",
      "Source": "Repository",
      "Repository": "CRAN",
      "Hash": "b2008df40fb297e3fef135c7e8eeec1a"
    },
    "iterators": {
      "Package": "iterators",
      "Version": "1.0.13",
      "Source": "Repository",
      "Repository": "CRAN",
      "Hash": "64778782a89480e9a644f69aad9a2877"
    },
    "iterpc": {
      "Package": "iterpc",
      "Version": "0.4.2",
      "Source": "Repository",
      "Repository": "CRAN",
      "Hash": "819fb9b445eec2fccdc312d4613763b6"
    },
    "jsonlite": {
      "Package": "jsonlite",
      "Version": "1.7.2",
      "Source": "Repository",
      "Repository": "CRAN",
      "Hash": "98138e0994d41508c7a6b84a0600cfcb"
    },
    "knitr": {
      "Package": "knitr",
      "Version": "1.33",
      "Source": "Repository",
      "Repository": "CRAN",
      "Hash": "0bc1b5da1b0eb07cd4b727e95e9ff0b8"
    },
    "labeling": {
      "Package": "labeling",
      "Version": "0.4.2",
      "Source": "Repository",
      "Repository": "CRAN",
      "Hash": "3d5108641f47470611a32d0bdf357a72"
    },
    "later": {
      "Package": "later",
      "Version": "1.2.0",
      "Source": "Repository",
      "Repository": "CRAN",
      "Hash": "b61890ae77fea19fc8acadd25db70aa4"
    },
    "lattice": {
      "Package": "lattice",
      "Version": "0.20-44",
      "Source": "Repository",
      "Repository": "CRAN",
      "Hash": "f36bf1a849d9106dc2af72e501f9de41"
    },
    "lazyeval": {
      "Package": "lazyeval",
      "Version": "0.2.2",
      "Source": "Repository",
      "Repository": "CRAN",
      "Hash": "d908914ae53b04d4c0c0fd72ecc35370"
    },
    "lifecycle": {
      "Package": "lifecycle",
      "Version": "1.0.0",
      "Source": "Repository",
      "Repository": "CRAN",
      "Hash": "3471fb65971f1a7b2d4ae7848cf2db8d"
    },
    "listenv": {
      "Package": "listenv",
      "Version": "0.8.0",
      "Source": "Repository",
      "Repository": "CRAN",
      "Hash": "0bde42ee282efb18c7c4e63822f5b4f7"
    },
    "lme4": {
      "Package": "lme4",
      "Version": "1.1-27.1",
      "Source": "Repository",
      "Repository": "CRAN",
      "Hash": "c995b0405ce0894d6fe52b3e08ea9085"
    },
    "lubridate": {
      "Package": "lubridate",
      "Version": "1.7.10",
      "Source": "Repository",
      "Repository": "CRAN",
      "Hash": "1ebfdc8a3cfe8fe19184f5481972b092"
    },
    "magrittr": {
      "Package": "magrittr",
      "Version": "2.0.1",
      "Source": "Repository",
      "Repository": "CRAN",
      "Hash": "41287f1ac7d28a92f0a286ed507928d3"
    },
    "maptools": {
      "Package": "maptools",
      "Version": "1.1-1",
      "Source": "Repository",
      "Repository": "CRAN",
      "Hash": "beef5712326b384b1e87ba10c01e18f5"
    },
    "markdown": {
      "Package": "markdown",
      "Version": "1.1",
      "Source": "Repository",
      "Repository": "CRAN",
      "Hash": "61e4a10781dd00d7d81dd06ca9b94e95"
    },
    "mathjaxr": {
      "Package": "mathjaxr",
      "Version": "1.4-0",
      "Source": "Repository",
      "Repository": "CRAN",
      "Hash": "21ec862477d3845843994019cadc4629"
    },
    "matrixStats": {
      "Package": "matrixStats",
      "Version": "0.59.0",
      "Source": "Repository",
      "Repository": "CRAN",
      "Hash": "45a2fee40a2f1bcad392cbe8a5f10d4f"
    },
    "memoise": {
      "Package": "memoise",
      "Version": "2.0.0",
      "Source": "Repository",
      "Repository": "CRAN",
      "Hash": "a0bc51650201a56d00a4798523cc91b3"
    },
    "meta": {
      "Package": "meta",
      "Version": "4.19-0",
      "Source": "Repository",
      "Repository": "CRAN",
      "Hash": "7dafc6275d35080216a93ef3b77a9784"
    },
    "metafor": {
      "Package": "metafor",
      "Version": "3.0-2",
      "Source": "Repository",
      "Repository": "CRAN",
      "Hash": "b598da1155b3f86b380c1a32f6f3b224"
    },
    "mgcv": {
      "Package": "mgcv",
      "Version": "1.8-35",
      "Source": "Repository",
      "Repository": "CRAN",
      "Hash": "89fd8b2ad4a6cb4979b78cf2a77ab503"
    },
    "mime": {
      "Package": "mime",
      "Version": "0.11",
      "Source": "Repository",
      "Repository": "CRAN",
      "Hash": "8974a907200fc9948d636fe7d85ca9fb"
    },
    "minqa": {
      "Package": "minqa",
      "Version": "1.2.4",
      "Source": "Repository",
      "Repository": "CRAN",
      "Hash": "eaee7d2a6f3ed4491df868611cb064cc"
    },
    "mnormt": {
      "Package": "mnormt",
      "Version": "2.0.2",
      "Source": "Repository",
      "Repository": "CRAN",
      "Hash": "7e6ee68a01d6c87c69087d4a250ee763"
    },
    "modelr": {
      "Package": "modelr",
      "Version": "0.1.8",
      "Source": "Repository",
      "Repository": "CRAN",
      "Hash": "9fd59716311ee82cba83dc2826fc5577"
    },
    "mr.raps": {
      "Package": "mr.raps",
      "Version": "0.2",
      "Source": "Repository",
      "Repository": "CRAN",
      "Hash": "b9d1ff7fa28db8d590bc6c9407d8c937"
    },
    "munsell": {
      "Package": "munsell",
      "Version": "0.5.0",
      "Source": "Repository",
      "Repository": "CRAN",
      "Hash": "6dfe8bf774944bd5595785e3229d8771"
    },
    "nabor": {
      "Package": "nabor",
      "Version": "0.5.0",
      "Source": "Repository",
      "Repository": "CRAN",
      "Hash": "54388cc0cf3dfc0948a4bfbf9e8cceba"
    },
    "narray": {
      "Package": "narray",
      "Version": "0.4.1.1",
      "Source": "Repository",
      "Repository": "CRAN",
      "Hash": "c64865aba235f36a49d798613cbfccf7"
    },
    "nlme": {
      "Package": "nlme",
      "Version": "3.1-152",
      "Source": "Repository",
      "Repository": "CRAN",
      "Hash": "35de1ce639f20b5e10f7f46260730c65"
    },
    "nloptr": {
      "Package": "nloptr",
      "Version": "1.2.2.2",
      "Source": "Repository",
      "Repository": "CRAN",
      "Hash": "2737faeee353704efec5afa1e943dd64"
    },
    "nnet": {
      "Package": "nnet",
      "Version": "7.3-16",
      "Source": "Repository",
      "Repository": "CRAN",
      "Hash": "3a3dc184000bc9e6c145c4dbde4dd702"
    },
    "nortest": {
      "Package": "nortest",
      "Version": "1.0-4",
      "Source": "Repository",
      "Repository": "CRAN",
      "Hash": "e587e7a30c737ad415590976481332e4"
    },
    "numDeriv": {
      "Package": "numDeriv",
      "Version": "2016.8-1.1",
      "Source": "Repository",
      "Repository": "CRAN",
      "Hash": "df58958f293b166e4ab885ebcad90e02"
    },
    "openssl": {
      "Package": "openssl",
      "Version": "1.4.4",
      "Source": "Repository",
      "Repository": "CRAN",
      "Hash": "f4dbc5a47fd93d3415249884d31d6791"
    },
    "openxlsx": {
      "Package": "openxlsx",
      "Version": "4.2.4",
      "Source": "Repository",
      "Repository": "CRAN",
      "Hash": "f1b1ca1254ccb485dccc9c0dc65a2c36"
    },
    "parallelly": {
      "Package": "parallelly",
      "Version": "1.25.0",
      "Source": "Repository",
      "Repository": "CRAN",
      "Hash": "bc53006c11a08ba955ccbf85b586875f"
    },
    "pbapply": {
      "Package": "pbapply",
      "Version": "1.4-3",
      "Source": "Repository",
      "Repository": "CRAN",
      "Hash": "52f8028b028076bc3b7ee5d6251abf0d"
    },
    "pbkrtest": {
      "Package": "pbkrtest",
      "Version": "0.5.1",
      "Source": "Repository",
      "Repository": "CRAN",
      "Hash": "b304ff5955f37b48bd30518faf582929"
    },
    "pillar": {
      "Package": "pillar",
      "Version": "1.6.1",
      "Source": "Repository",
      "Repository": "CRAN",
      "Hash": "8672ae02bd20f6479bce2d06c7ff1401"
    },
    "pkgconfig": {
      "Package": "pkgconfig",
      "Version": "2.0.3",
      "Source": "Repository",
      "Repository": "CRAN",
      "Hash": "01f28d4278f15c76cddbea05899c5d6f"
    },
    "plotly": {
      "Package": "plotly",
      "Version": "4.9.4.1",
      "Source": "Repository",
      "Repository": "CRAN",
      "Hash": "af4b92cb3828aa30002e2f945c49c2d7"
    },
    "plyr": {
      "Package": "plyr",
      "Version": "1.8.6",
      "Source": "Repository",
      "Repository": "CRAN",
      "Hash": "ec0e5ab4e5f851f6ef32cd1d1984957f"
    },
    "prettyunits": {
      "Package": "prettyunits",
      "Version": "1.1.1",
      "Source": "Repository",
      "Repository": "CRAN",
      "Hash": "95ef9167b75dde9d2ccc3c7528393e7e"
    },
    "processx": {
      "Package": "processx",
      "Version": "3.5.2",
      "Source": "Repository",
      "Repository": "CRAN",
      "Hash": "0cbca2bc4d16525d009c4dbba156b37c"
    },
    "progress": {
      "Package": "progress",
      "Version": "1.2.2",
      "Source": "Repository",
      "Repository": "CRAN",
      "Hash": "14dc9f7a3c91ebb14ec5bb9208a07061"
    },
    "promises": {
      "Package": "promises",
      "Version": "1.2.0.1",
      "Source": "Repository",
      "Repository": "CRAN",
      "Hash": "4ab2c43adb4d4699cf3690acd378d75d"
    },
    "proxy": {
      "Package": "proxy",
      "Version": "0.4-26",
      "Source": "Repository",
      "Repository": "CRAN",
      "Hash": "50b405c6419e921b9e9360cc9ebbcf2d"
    },
    "ps": {
      "Package": "ps",
      "Version": "1.6.0",
      "Source": "Repository",
      "Repository": "CRAN",
      "Hash": "32620e2001c1dce1af49c49dccbb9420"
    },
    "psych": {
      "Package": "psych",
      "Version": "2.1.6",
      "Source": "Repository",
      "Repository": "CRAN",
      "Hash": "d37247c8be48e9ff773e6634aa3cc17b"
    },
    "purrr": {
      "Package": "purrr",
      "Version": "0.3.4",
      "Source": "Repository",
      "Repository": "CRAN",
      "Hash": "97def703420c8ab10d8f0e6c72101e02"
    },
    "quantreg": {
      "Package": "quantreg",
      "Version": "5.86",
      "Source": "Repository",
      "Repository": "CRAN",
      "Hash": "28692dfa3efea8e19d29347d05f5a489"
    },
    "randomForest": {
      "Package": "randomForest",
      "Version": "4.6-14",
      "Source": "Repository",
      "Repository": "CRAN",
      "Hash": "6367ba8128568cc5ebf8082e440948e4"
    },
    "rappdirs": {
      "Package": "rappdirs",
      "Version": "0.3.3",
      "Source": "Repository",
      "Repository": "CRAN",
      "Hash": "5e3c5dc0b071b21fa128676560dbe94d"
    },
    "rbgen": {
      "Package": "rbgen",
      "Version": "0.1",
      "Source": "URL",
      "RemoteType": "url",
      "RemoteUrl": "http://www.well.ox.ac.uk/~gav/resources/rbgen_v1.1.5.tgz",
      "Hash": "2c813368230c2c9d4f53adf99d1d373e"
    },
    "readr": {
      "Package": "readr",
      "Version": "1.4.0",
      "Source": "Repository",
      "Repository": "CRAN",
      "Hash": "2639976851f71f330264a9c9c3d43a61"
    },
    "readxl": {
      "Package": "readxl",
      "Version": "1.3.1",
      "Source": "Repository",
      "Repository": "CRAN",
      "Hash": "63537c483c2dbec8d9e3183b3735254a"
    },
    "rematch": {
      "Package": "rematch",
      "Version": "1.0.1",
      "Source": "Repository",
      "Repository": "CRAN",
      "Hash": "c66b930d20bb6d858cd18e1cebcfae5c"
    },
    "rematch2": {
      "Package": "rematch2",
      "Version": "2.1.2",
      "Source": "Repository",
      "Repository": "CRAN",
      "Hash": "76c9e04c712a05848ae7a23d2f170a40"
    },
    "remotes": {
      "Package": "remotes",
      "Version": "2.4.0",
      "Source": "Repository",
      "Repository": "CRAN",
      "Hash": "a85ebb35721573b196317b49ddd2dfe4"
    },
    "renv": {
      "Package": "renv",
      "Version": "0.13.2-62",
      "Source": "GitHub",
      "RemoteType": "github",
      "RemoteHost": "api.github.com",
      "RemoteRepo": "renv",
      "RemoteUsername": "rstudio",
      "RemoteRef": "HEAD",
      "RemoteSha": "e5a7319ca5f711a64a8affabca9f2c995919e3ad",
      "Hash": "3d361fb001d3255e7b32026f5db98b00"
    },
    "reprex": {
      "Package": "reprex",
      "Version": "2.0.0",
      "Source": "Repository",
      "Repository": "CRAN",
      "Hash": "8482bbeef0c194ac236aef7c51ee375f"
    },
    "reshape2": {
      "Package": "reshape2",
      "Version": "1.4.4",
      "Source": "Repository",
      "Repository": "CRAN",
      "Hash": "bb5996d0bd962d214a11140d77589917"
    },
    "rio": {
      "Package": "rio",
      "Version": "0.5.27",
      "Source": "Repository",
      "Repository": "CRAN",
      "Hash": "18f47d9adafc32abd3d0f450036f739e"
    },
    "rjson": {
      "Package": "rjson",
      "Version": "0.2.20",
      "Source": "Repository",
      "Repository": "CRAN",
      "Hash": "7d597f982ee6263716b6a2f28efd29fa"
    },
    "rlang": {
      "Package": "rlang",
      "Version": "0.4.11",
      "Source": "Repository",
      "Repository": "CRAN",
      "Hash": "515f341d3affe0de9e4a7f762efb0456"
    },
    "rmarkdown": {
      "Package": "rmarkdown",
      "Version": "2.9",
      "Source": "Repository",
      "Repository": "CRAN",
      "Hash": "912c09266d5470516df4df7a303cde92"
    },
    "rmeta": {
      "Package": "rmeta",
      "Version": "3.0",
      "Source": "Repository",
      "Repository": "CRAN",
      "Hash": "cf0ac2da08545dbb2b786b858e7e4799"
    },
    "rmio": {
      "Package": "rmio",
      "Version": "0.2.0",
      "Source": "Repository",
      "Repository": "CRAN",
      "Hash": "abea39c320b2ee006ec0d653056f21a2"
    },
    "robustbase": {
      "Package": "robustbase",
      "Version": "0.93-8",
      "Source": "Repository",
      "Repository": "CRAN",
      "Hash": "acbfda096a7bec79aeee983e89260c78"
    },
    "rprojroot": {
      "Package": "rprojroot",
      "Version": "2.0.2",
      "Source": "Repository",
      "Repository": "CRAN",
      "Hash": "249d8cd1e74a8f6a26194a91b47f21d1"
    },
    "rstudioapi": {
      "Package": "rstudioapi",
      "Version": "0.13",
      "Source": "Repository",
      "Repository": "CRAN",
      "Hash": "06c85365a03fdaf699966cc1d3cf53ea"
    },
    "rvest": {
      "Package": "rvest",
      "Version": "1.0.0",
      "Source": "Repository",
      "Repository": "CRAN",
      "Hash": "74b905b0076e1de6e27f540c95ba68d5"
    },
    "scales": {
      "Package": "scales",
      "Version": "1.1.1",
      "Source": "Repository",
      "Repository": "CRAN",
      "Hash": "6f76f71042411426ec8df6c54f34e6dd"
    },
    "selectr": {
      "Package": "selectr",
      "Version": "0.4-2",
      "Source": "Repository",
      "Repository": "CRAN",
      "Hash": "3838071b66e0c566d55cc26bd6e27bf4"
    },
    "servr": {
      "Package": "servr",
      "Version": "0.22.1",
      "Source": "GitHub",
      "RemoteType": "github",
      "RemoteHost": "api.github.com",
      "RemoteRepo": "servr",
      "RemoteUsername": "yihui",
      "RemoteRef": "HEAD",
      "RemoteSha": "162215d6020ad307cd894406fba74e92fedbbaab",
      "Hash": "0adff71f3e96f2f88398a9b630f77246"
    },
    "shape": {
      "Package": "shape",
      "Version": "1.4.6",
      "Source": "Repository",
      "Repository": "CRAN",
      "Hash": "9067f962730f58b14d8ae54ca885509f"
    },
    "sp": {
      "Package": "sp",
      "Version": "1.4-5",
      "Source": "Repository",
      "Repository": "CRAN",
      "Hash": "dfd843ee98246cf932823acf613b05dd"
    },
    "strex": {
      "Package": "strex",
      "Version": "1.4.2",
      "Source": "Repository",
      "Repository": "CRAN",
      "Hash": "a67873a8b7114c68b17b252bbdd99909"
    },
    "stringi": {
      "Package": "stringi",
      "Version": "1.6.2",
      "Source": "Repository",
      "Repository": "CRAN",
      "Hash": "9df5e6f9a7fa11b84adf0429961de66a"
    },
    "stringr": {
      "Package": "stringr",
      "Version": "1.4.0",
      "Source": "Repository",
      "Repository": "CRAN",
      "Hash": "0759e6b6c0957edb1311028a49a35e76"
    },
    "survival": {
      "Package": "survival",
      "Version": "3.2-11",
      "Source": "Repository",
      "Repository": "CRAN",
      "Hash": "f4d706b25d640dbaeb56d9c9b6ce9a22"
    },
    "sys": {
      "Package": "sys",
      "Version": "3.4",
      "Source": "Repository",
      "Repository": "CRAN",
      "Hash": "b227d13e29222b4574486cfcbde077fa"
    },
    "tarchetypes": {
      "Package": "tarchetypes",
      "Version": "0.2.0.9000",
      "Source": "GitHub",
      "RemoteType": "github",
      "RemoteHost": "api.github.com",
      "RemoteRepo": "tarchetypes",
      "RemoteUsername": "ropensci",
      "RemoteRef": "HEAD",
      "RemoteSha": "29070664bd65850006d287a219164fb15c069f89",
      "Hash": "c6249facebf11855d719096a3d885e76"
    },
    "targets": {
      "Package": "targets",
      "Version": "0.5.0.9001",
      "Source": "GitHub",
      "RemoteType": "github",
      "RemoteHost": "api.github.com",
      "RemoteRepo": "targets",
      "RemoteUsername": "ropensci",
      "RemoteRef": "HEAD",
      "RemoteSha": "46966b87883c07260c30146f2e231844f47e5c99",
      "Hash": "24f68a5046b5220dc88b4e95e7407716"
    },
    "tibble": {
      "Package": "tibble",
      "Version": "3.1.2",
      "Source": "Repository",
      "Repository": "CRAN",
      "Hash": "349b40a9f144516d537c875e786ec8b8"
    },
    "tidyr": {
      "Package": "tidyr",
      "Version": "1.1.3",
      "Source": "Repository",
      "Repository": "CRAN",
      "Hash": "450d7dfaedde58e28586b854eeece4fa"
    },
    "tidyselect": {
      "Package": "tidyselect",
      "Version": "1.1.1",
      "Source": "Repository",
      "Repository": "CRAN",
      "Hash": "7243004a708d06d4716717fa1ff5b2fe"
    },
    "tidyverse": {
      "Package": "tidyverse",
      "Version": "1.3.1",
      "Source": "Repository",
      "Repository": "CRAN",
      "Hash": "fc4c72b6ae9bb283416bd59a3303bbab"
    },
    "tinytex": {
      "Package": "tinytex",
      "Version": "0.32",
      "Source": "Repository",
      "Repository": "CRAN",
      "Hash": "db9a6f2cf147751322d22c9f6647c7bd"
    },
    "tmvnsim": {
      "Package": "tmvnsim",
      "Version": "1.0-2",
      "Source": "Repository",
      "Repository": "CRAN",
      "Hash": "50470c7ed0cc8099cbc17b38f0ef621f"
    },
    "ukbtools": {
      "Package": "ukbtools",
      "Version": "0.11.3",
      "Source": "Repository",
      "Repository": "CRAN",
      "Hash": "a7e84593786553fc208d4185f016a313"
    },
    "utf8": {
      "Package": "utf8",
      "Version": "1.2.1",
      "Source": "Repository",
      "Repository": "CRAN",
      "Hash": "c3ad47dc6da0751f18ed53c4613e3ac7"
    },
    "uuid": {
      "Package": "uuid",
      "Version": "0.1-4",
      "Source": "Repository",
      "Repository": "CRAN",
      "Hash": "e4169eb989a5d03ccb6b628cad1b1b50"
    },
    "vctrs": {
      "Package": "vctrs",
      "Version": "0.3.8",
      "Source": "Repository",
      "Repository": "CRAN",
      "Hash": "ecf749a1b39ea72bd9b51b76292261f1"
    },
    "viridisLite": {
      "Package": "viridisLite",
      "Version": "0.4.0",
      "Source": "Repository",
      "Repository": "CRAN",
      "Hash": "55e157e2aa88161bdb0754218470d204"
    },
    "visNetwork": {
      "Package": "visNetwork",
      "Version": "2.0.9",
      "Source": "Repository",
      "Repository": "CRAN",
      "Hash": "12545f2acf49d1d346d075580122d89c"
    },
    "whisker": {
      "Package": "whisker",
      "Version": "0.4",
      "Source": "Repository",
      "Repository": "CRAN",
      "Hash": "ca970b96d894e90397ed20637a0c1bbe"
    },
    "withr": {
      "Package": "withr",
      "Version": "2.4.2",
      "Source": "Repository",
      "Repository": "CRAN",
      "Hash": "ad03909b44677f930fa156d47d7a3aeb"
    },
    "workflowr": {
      "Package": "workflowr",
      "Version": "1.6.2",
      "Source": "Repository",
      "Repository": "CRAN",
      "Hash": "8d14d7ca1a1ac543614002af0b95c49e"
    },
    "xaringan": {
      "Package": "xaringan",
      "Version": "0.21.1",
      "Source": "GitHub",
      "RemoteType": "github",
      "RemoteHost": "api.github.com",
      "RemoteRepo": "xaringan",
      "RemoteUsername": "yihui",
      "RemoteRef": "HEAD",
      "RemoteSha": "f70a36f8249bd6977f973d1424d9974d28c90046",
      "Hash": "91a7217539f6032bc388fdf1d1f40141"
    },
    "xfun": {
      "Package": "xfun",
      "Version": "0.24",
      "Source": "Repository",
      "Repository": "CRAN",
      "Hash": "88cdb9779a657ad80ad942245fffba31"
    },
    "xml2": {
      "Package": "xml2",
      "Version": "1.3.2",
      "Source": "Repository",
      "Repository": "CRAN",
      "Hash": "d4d71a75dd3ea9eb5fa28cc21f9585e2"
    },
    "yaml": {
      "Package": "yaml",
      "Version": "2.2.1",
      "Source": "Repository",
      "Repository": "CRAN",
      "Hash": "2826c5d9efb0a88f657c7a679c7106db"
    },
    "zip": {
      "Package": "zip",
      "Version": "2.2.0",
      "Source": "Repository",
      "Repository": "CRAN",
      "Hash": "c7eef2996ac270a18c2715c997a727c5"
    }
  }
}
